
Microsoft Visual Studio Solution File, Format Version 12.00
# Visual Studio 15
VisualStudioVersion = 15.0.27428.2043
MinimumVisualStudioVersion = 10.0.40219.1
Project("{FAE04EC0-301F-11D3-BF4B-00C04F79EFBC}") = "NclArchiveApi", "NclArchiveApi\NclArchiveApi.csproj", "{4D89B882-5FE7-4F52-AD0F-69D6180A861F}"
EndProject
Project("{FAE04EC0-301F-11D3-BF4B-00C04F79EFBC}") = "DatabaseAccess", "DatabaseAccess\DatabaseAccess.csproj", "{35A8EA8F-E056-408B-8671-E185184D5B2B}"
EndProject
Global
	GlobalSection(SolutionConfigurationPlatforms) = preSolution
		Debug|Any CPU = Debug|Any CPU
		Release|Any CPU = Release|Any CPU
	EndGlobalSection
	GlobalSection(ProjectConfigurationPlatforms) = postSolution
		{4D89B882-5FE7-4F52-AD0F-69D6180A861F}.Debug|Any CPU.ActiveCfg = Debug|Any CPU
		{4D89B882-5FE7-4F52-AD0F-69D6180A861F}.Debug|Any CPU.Build.0 = Debug|Any CPU
		{4D89B882-5FE7-4F52-AD0F-69D6180A861F}.Release|Any CPU.ActiveCfg = Release|Any CPU
		{4D89B882-5FE7-4F52-AD0F-69D6180A861F}.Release|Any CPU.Build.0 = Release|Any CPU
		{35A8EA8F-E056-408B-8671-E185184D5B2B}.Debug|Any CPU.ActiveCfg = Debug|Any CPU
		{35A8EA8F-E056-408B-8671-E185184D5B2B}.Debug|Any CPU.Build.0 = Debug|Any CPU
		{35A8EA8F-E056-408B-8671-E185184D5B2B}.Release|Any CPU.ActiveCfg = Release|Any CPU
		{35A8EA8F-E056-408B-8671-E185184D5B2B}.Release|Any CPU.Build.0 = Release|Any CPU
	EndGlobalSection
	GlobalSection(SolutionProperties) = preSolution
		HideSolutionNode = FALSE
	EndGlobalSection
	GlobalSection(ExtensibilityGlobals) = postSolution
		SolutionGuid = {97C3FCC3-BCB2-41D9-8B76-36EA21D55712}
	EndGlobalSection
EndGlobal
